
Microsoft Visual Studio Solution File, Format Version 12.00
# Visual Studio Version 17
VisualStudioVersion = 17.0.31903.59
MinimumVisualStudioVersion = 10.0.40219.1
Project("{2150E333-8FDC-42A3-9474-1A3956D46DE8}") = "src", "src", "{827E0CD3-B72D-47B6-A68D-7590B98EB39B}"
EndProject
Project("{FAE04EC0-301F-11D3-BF4B-00C04F79EFBC}") = "AutoVerdikt.Domain", "src\AutoVerdikt.Domain\AutoVerdikt.Domain.csproj", "{A1B2C3D4-E5F6-7890-ABCD-EF1234567890}"
EndProject
Project("{FAE04EC0-301F-11D3-BF4B-00C04F79EFBC}") = "AutoVerdikt.Application", "src\AutoVerdikt.Application\AutoVerdikt.Application.csproj", "{68494324-E0E4-4117-B2B1-254A22CD353E}"
EndProject
Project("{FAE04EC0-301F-11D3-BF4B-00C04F79EFBC}") = "AutoVerdikt.Infrastructure", "src\AutoVerdikt.Infrastructure\AutoVerdikt.Infrastructure.csproj", "{3ABA76EA-15E1-49B0-80A7-18F3EA49D2E1}"
EndProject
Project("{FAE04EC0-301F-11D3-BF4B-00C04F79EFBC}") = "AutoVerdikt.Store", "src\AutoVerdikt.Store\AutoVerdikt.Store.csproj", "{F55030EC-E2B3-45F5-9E63-A39D34A6E6BB}"
EndProject
Project("{FAE04EC0-301F-11D3-BF4B-00C04F79EFBC}") = "AutoVerdikt.WebApi", "src\AutoVerdikt.WebApi\AutoVerdikt.WebApi.csproj", "{D9E98FEB-173F-45AE-BBE3-9DBB789D2D3D}"
EndProject
Project("{2150E333-8FDC-42A3-9474-1A3956D46DE8}") = "tests", "tests", "{0AB3BF05-4346-4AA6-1389-037BE0695223}"
EndProject
Project("{FAE04EC0-301F-11D3-BF4B-00C04F79EFBC}") = "AutoVerdikt.Application.Tests", "tests\AutoVerdikt.Application.Tests\AutoVerdikt.Application.Tests.csproj", "{D453909E-B0EA-4902-8115-35034F146A83}"
EndProject
Project("{FAE04EC0-301F-11D3-BF4B-00C04F79EFBC}") = "AutoVerdikt.Infrastructure.Tests", "tests\AutoVerdikt.Infrastructure.Tests\AutoVerdikt.Infrastructure.Tests.csproj", "{20796F7E-E0ED-4A66-86BD-7723B793C049}"
EndProject
Project("{FAE04EC0-301F-11D3-BF4B-00C04F79EFBC}") = "AutoVerdikt.Store.Tests", "tests\AutoVerdikt.Store.Tests\AutoVerdikt.Store.Tests.csproj", "{482BE7B2-2C61-42B2-BBDD-4C9703650053}"
EndProject
Project("{FAE04EC0-301F-11D3-BF4B-00C04F79EFBC}") = "AutoVerdikt.WebApi.Tests", "tests\AutoVerdikt.WebApi.Tests\AutoVerdikt.WebApi.Tests.csproj", "{695B393B-DBB5-49F4-8AE0-3CC11AEAD5F8}"
EndProject
Project("{FAE04EC0-301F-11D3-BF4B-00C04F79EFBC}") = "AutoVerdikt.Architecture.Tests", "tests\AutoVerdikt.Architecture.Tests\AutoVerdikt.Architecture.Tests.csproj", "{82A525D8-2453-4BF5-9460-90A19F4D2164}"
EndProject
Project("{FAE04EC0-301F-11D3-BF4B-00C04F79EFBC}") = "AutoVerdikt.Agents", "src\AutoVerdikt.Agents\AutoVerdikt.Agents.csproj", "{5C2564D0-4098-44E2-A5CE-7F3A746E37E0}"
EndProject
Project("{FAE04EC0-301F-11D3-BF4B-00C04F79EFBC}") = "AutoVerdikt.Agents.Tests", "tests\AutoVerdikt.Agents.Tests\AutoVerdikt.Agents.Tests.csproj", "{1DD886AC-4C87-4DBC-B93B-FE773520A2BF}"
EndProject
Project("{FAE04EC0-301F-11D3-BF4B-00C04F79EFBC}") = "AutoVerdikt.Domain.Tests", "tests\AutoVerdikt.Domain.Tests\AutoVerdikt.Domain.Tests.csproj", "{B2C3D4E5-F6A7-8901-BCDE-F12345678901}"
EndProject
Global
	GlobalSection(SolutionConfigurationPlatforms) = preSolution
		Debug|Any CPU = Debug|Any CPU
		Release|Any CPU = Release|Any CPU
	EndGlobalSection
	GlobalSection(ProjectConfigurationPlatforms) = postSolution
		{A1B2C3D4-E5F6-7890-ABCD-EF1234567890}.Debug|Any CPU.ActiveCfg = Debug|Any CPU
		{A1B2C3D4-E5F6-7890-ABCD-EF1234567890}.Debug|Any CPU.Build.0 = Debug|Any CPU
		{A1B2C3D4-E5F6-7890-ABCD-EF1234567890}.Release|Any CPU.ActiveCfg = Release|Any CPU
		{A1B2C3D4-E5F6-7890-ABCD-EF1234567890}.Release|Any CPU.Build.0 = Release|Any CPU
		{68494324-E0E4-4117-B2B1-254A22CD353E}.Debug|Any CPU.ActiveCfg = Debug|Any CPU
		{68494324-E0E4-4117-B2B1-254A22CD353E}.Debug|Any CPU.Build.0 = Debug|Any CPU
		{68494324-E0E4-4117-B2B1-254A22CD353E}.Release|Any CPU.ActiveCfg = Release|Any CPU
		{68494324-E0E4-4117-B2B1-254A22CD353E}.Release|Any CPU.Build.0 = Release|Any CPU
		{3ABA76EA-15E1-49B0-80A7-18F3EA49D2E1}.Debug|Any CPU.ActiveCfg = Debug|Any CPU
		{3ABA76EA-15E1-49B0-80A7-18F3EA49D2E1}.Debug|Any CPU.Build.0 = Debug|Any CPU
		{3ABA76EA-15E1-49B0-80A7-18F3EA49D2E1}.Release|Any CPU.ActiveCfg = Release|Any CPU
		{3ABA76EA-15E1-49B0-80A7-18F3EA49D2E1}.Release|Any CPU.Build.0 = Release|Any CPU
		{F55030EC-E2B3-45F5-9E63-A39D34A6E6BB}.Debug|Any CPU.ActiveCfg = Debug|Any CPU
		{F55030EC-E2B3-45F5-9E63-A39D34A6E6BB}.Debug|Any CPU.Build.0 = Debug|Any CPU
		{F55030EC-E2B3-45F5-9E63-A39D34A6E6BB}.Release|Any CPU.ActiveCfg = Release|Any CPU
		{F55030EC-E2B3-45F5-9E63-A39D34A6E6BB}.Release|Any CPU.Build.0 = Release|Any CPU
		{D9E98FEB-173F-45AE-BBE3-9DBB789D2D3D}.Debug|Any CPU.ActiveCfg = Debug|Any CPU
		{D9E98FEB-173F-45AE-BBE3-9DBB789D2D3D}.Debug|Any CPU.Build.0 = Debug|Any CPU
		{D9E98FEB-173F-45AE-BBE3-9DBB789D2D3D}.Release|Any CPU.ActiveCfg = Release|Any CPU
		{D9E98FEB-173F-45AE-BBE3-9DBB789D2D3D}.Release|Any CPU.Build.0 = Release|Any CPU
		{D453909E-B0EA-4902-8115-35034F146A83}.Debug|Any CPU.ActiveCfg = Debug|Any CPU
		{D453909E-B0EA-4902-8115-35034F146A83}.Debug|Any CPU.Build.0 = Debug|Any CPU
		{D453909E-B0EA-4902-8115-35034F146A83}.Release|Any CPU.ActiveCfg = Release|Any CPU
		{D453909E-B0EA-4902-8115-35034F146A83}.Release|Any CPU.Build.0 = Release|Any CPU
		{20796F7E-E0ED-4A66-86BD-7723B793C049}.Debug|Any CPU.ActiveCfg = Debug|Any CPU
		{20796F7E-E0ED-4A66-86BD-7723B793C049}.Debug|Any CPU.Build.0 = Debug|Any CPU
		{20796F7E-E0ED-4A66-86BD-7723B793C049}.Release|Any CPU.ActiveCfg = Release|Any CPU
		{20796F7E-E0ED-4A66-86BD-7723B793C049}.Release|Any CPU.Build.0 = Release|Any CPU
		{482BE7B2-2C61-42B2-BBDD-4C9703650053}.Debug|Any CPU.ActiveCfg = Debug|Any CPU
		{482BE7B2-2C61-42B2-BBDD-4C9703650053}.Debug|Any CPU.Build.0 = Debug|Any CPU
		{482BE7B2-2C61-42B2-BBDD-4C9703650053}.Release|Any CPU.ActiveCfg = Release|Any CPU
		{482BE7B2-2C61-42B2-BBDD-4C9703650053}.Release|Any CPU.Build.0 = Release|Any CPU
		{695B393B-DBB5-49F4-8AE0-3CC11AEAD5F8}.Debug|Any CPU.ActiveCfg = Debug|Any CPU
		{695B393B-DBB5-49F4-8AE0-3CC11AEAD5F8}.Debug|Any CPU.Build.0 = Debug|Any CPU
		{695B393B-DBB5-49F4-8AE0-3CC11AEAD5F8}.Release|Any CPU.ActiveCfg = Release|Any CPU
		{695B393B-DBB5-49F4-8AE0-3CC11AEAD5F8}.Release|Any CPU.Build.0 = Release|Any CPU
		{82A525D8-2453-4BF5-9460-90A19F4D2164}.Debug|Any CPU.ActiveCfg = Debug|Any CPU
		{82A525D8-2453-4BF5-9460-90A19F4D2164}.Debug|Any CPU.Build.0 = Debug|Any CPU
		{82A525D8-2453-4BF5-9460-90A19F4D2164}.Release|Any CPU.ActiveCfg = Release|Any CPU
		{82A525D8-2453-4BF5-9460-90A19F4D2164}.Release|Any CPU.Build.0 = Release|Any CPU
		{5C2564D0-4098-44E2-A5CE-7F3A746E37E0}.Debug|Any CPU.ActiveCfg = Debug|Any CPU
		{5C2564D0-4098-44E2-A5CE-7F3A746E37E0}.Debug|Any CPU.Build.0 = Debug|Any CPU
		{5C2564D0-4098-44E2-A5CE-7F3A746E37E0}.Release|Any CPU.ActiveCfg = Release|Any CPU
		{5C2564D0-4098-44E2-A5CE-7F3A746E37E0}.Release|Any CPU.Build.0 = Release|Any CPU
		{1DD886AC-4C87-4DBC-B93B-FE773520A2BF}.Debug|Any CPU.ActiveCfg = Debug|Any CPU
		{1DD886AC-4C87-4DBC-B93B-FE773520A2BF}.Debug|Any CPU.Build.0 = Debug|Any CPU
		{1DD886AC-4C87-4DBC-B93B-FE773520A2BF}.Release|Any CPU.ActiveCfg = Release|Any CPU
		{1DD886AC-4C87-4DBC-B93B-FE773520A2BF}.Release|Any CPU.Build.0 = Release|Any CPU
		{B2C3D4E5-F6A7-8901-BCDE-F12345678901}.Debug|Any CPU.ActiveCfg = Debug|Any CPU
		{B2C3D4E5-F6A7-8901-BCDE-F12345678901}.Debug|Any CPU.Build.0 = Debug|Any CPU
		{B2C3D4E5-F6A7-8901-BCDE-F12345678901}.Release|Any CPU.ActiveCfg = Release|Any CPU
		{B2C3D4E5-F6A7-8901-BCDE-F12345678901}.Release|Any CPU.Build.0 = Release|Any CPU
	EndGlobalSection
	GlobalSection(SolutionProperties) = preSolution
		HideSolutionNode = FALSE
	EndGlobalSection
	GlobalSection(NestedProjects) = preSolution
		{A1B2C3D4-E5F6-7890-ABCD-EF1234567890} = {827E0CD3-B72D-47B6-A68D-7590B98EB39B}
		{68494324-E0E4-4117-B2B1-254A22CD353E} = {827E0CD3-B72D-47B6-A68D-7590B98EB39B}
		{3ABA76EA-15E1-49B0-80A7-18F3EA49D2E1} = {827E0CD3-B72D-47B6-A68D-7590B98EB39B}
		{F55030EC-E2B3-45F5-9E63-A39D34A6E6BB} = {827E0CD3-B72D-47B6-A68D-7590B98EB39B}
		{D9E98FEB-173F-45AE-BBE3-9DBB789D2D3D} = {827E0CD3-B72D-47B6-A68D-7590B98EB39B}
		{D453909E-B0EA-4902-8115-35034F146A83} = {0AB3BF05-4346-4AA6-1389-037BE0695223}
		{20796F7E-E0ED-4A66-86BD-7723B793C049} = {0AB3BF05-4346-4AA6-1389-037BE0695223}
		{482BE7B2-2C61-42B2-BBDD-4C9703650053} = {0AB3BF05-4346-4AA6-1389-037BE0695223}
		{695B393B-DBB5-49F4-8AE0-3CC11AEAD5F8} = {0AB3BF05-4346-4AA6-1389-037BE0695223}
		{82A525D8-2453-4BF5-9460-90A19F4D2164} = {0AB3BF05-4346-4AA6-1389-037BE0695223}
		{5C2564D0-4098-44E2-A5CE-7F3A746E37E0} = {827E0CD3-B72D-47B6-A68D-7590B98EB39B}
		{1DD886AC-4C87-4DBC-B93B-FE773520A2BF} = {0AB3BF05-4346-4AA6-1389-037BE0695223}
		{B2C3D4E5-F6A7-8901-BCDE-F12345678901} = {0AB3BF05-4346-4AA6-1389-037BE0695223}
	EndGlobalSection
EndGlobal
